<?xml version="1.0" encoding="utf-8"?>
<Project ToolsVersion="4.0" xmlns="http://schemas.microsoft.com/developer/msbuild/2003">
  <ItemGroup>
    <Filter Include="Source Files">
      <UniqueIdentifier>{4FC737F1-C7A5-4376-A066-2A32D752A2FF}</UniqueIdentifier>
      <Extensions>cpp;c;cc;cxx;c++;def;odl;idl;hpj;bat;asm;asmx</Extensions>
    </Filter>
    <Filter Include="Header Files">
      <UniqueIdentifier>{93995380-89BD-4b04-88EB-625FBE52EBFB}</UniqueIdentifier>
      <Extensions>h;hh;hpp;hxx;h++;hm;inl;inc;ipp;xsd</Extensions>
    </Filter>
    <Filter Include="Resource Files">
      <UniqueIdentifier>{67DA6AB6-F800-4c08-8B7A-83BB121AAD01}</UniqueIdentifier>
      <Extensions>rc;ico;cur;bmp;dlg;rc2;rct;bin;rgs;gif;jpg;jpeg;jpe;resx;tiff;tif;png;wav;mfcribbon-ms</Extensions>
    </Filter>
  </ItemGroup>
  <ItemGroup>
    <ClCompile Include="src\main.cpp">
      <Filter>Source Files</Filter>
    </ClCompile>
    <ClCompile Include="src\grid\Grid.cpp">
      <Filter>Source Files</Filter>
    </ClCompile>
    <ClCompile Include="src\asciiDrawing\AsciiCanvas.cpp">
      <Filter>Source Files</Filter>
    </ClCompile>
    <ClCompile Include="src\asciiDrawing\AsciiImage.cpp">
      <Filter>Source Files</Filter>
    </ClCompile>
    <ClCompile Include="src\util\Direction.cpp">
      <Filter>Source Files</Filter>
    </ClCompile>
    <ClCompile Include="src\grid\gridObjects\items\ItemSink.cpp">
      <Filter>Source Files</Filter>
    </ClCompile>
    <ClCompile Include="src\grid\gridObjects\items\ItemSource.cpp">
      <Filter>Source Files</Filter>
    </ClCompile>
    <ClCompile Include="src\grid\gridObjects\Belt.cpp">
      <Filter>Source Files</Filter>
    </ClCompile>
    <ClCompile Include="src\grid\gridObjects\GridObject.cpp">
      <Filter>Source Files</Filter>
    </ClCompile>
    <ClCompile Include="src\grid\gridObjects\Splitter.cpp">
      <Filter>Source Files</Filter>
    </ClCompile>
    <ClCompile Include="src\grid\gridObjects\Underground.cpp">
      <Filter>Source Files</Filter>
    </ClCompile>
    <ClCompile Include="src\LayoutBrowser.cpp">
      <Filter>Source Files</Filter>
    </ClCompile>
    <ClCompile Include="src\sim\FlowSimulator.cpp">
      <Filter>Source Files</Filter>
    </ClCompile>
    <ClCompile Include="src\sim\LayoutSolver.cpp">
      <Filter>Source Files</Filter>
    </ClCompile>
    <ClCompile Include="src\sim\LayoutTester.cpp">
      <Filter>Source Files</Filter>
    </ClCompile>
  </ItemGroup>
  <ItemGroup>
    <ClInclude Include="src\grid\Grid.h">
      <Filter>Header Files</Filter>
    </ClInclude>
    <ClInclude Include="src\asciiDrawing\AsciiCanvas.h">
      <Filter>Header Files</Filter>
    </ClInclude>
    <ClInclude Include="src\asciiDrawing\AsciiImage.h">
      <Filter>Header Files</Filter>
    </ClInclude>
    <ClInclude Include="src\util\Direction.h">
      <Filter>Header Files</Filter>
    </ClInclude>
    <ClInclude Include="src\grid\gridObjects\items\ItemSink.h">
      <Filter>Header Files</Filter>
    </ClInclude>
    <ClInclude Include="src\grid\gridObjects\items\ItemSource.h">
      <Filter>Header Files</Filter>
    </ClInclude>
    <ClInclude Include="src\grid\gridObjects\Belt.h">
      <Filter>Header Files</Filter>
    </ClInclude>
    <ClInclude Include="src\grid\gridObjects\GridObject.h">
      <Filter>Header Files</Filter>
    </ClInclude>
    <ClInclude Include="src\grid\gridObjects\Splitter.h">
      <Filter>Header Files</Filter>
    </ClInclude>
    <ClInclude Include="src\grid\gridObjects\Underground.h">
      <Filter>Header Files</Filter>
    </ClInclude>
    <ClInclude Include="src\LayoutBrowser.h">
      <Filter>Header Files</Filter>
    </ClInclude>
    <ClInclude Include="src\sim\FlowSimulator.h">
      <Filter>Header Files</Filter>
    </ClInclude>
    <ClInclude Include="src\util\util.h">
      <Filter>Header Files</Filter>
    </ClInclude>
    <ClInclude Include="src\sim\LayoutSolver.h">
      <Filter>Header Files</Filter>
    </ClInclude>
    <ClInclude Include="src\sim\LayoutTester.h">
      <Filter>Header Files</Filter>
    </ClInclude>
  </ItemGroup>
</Project>